
Microsoft Visual Studio Solution File, Format Version 12.00
Project("{FAE04EC0-301F-11D3-BF4B-00C04F79EFBC}") = "SoftwareCenter", "SoftwareCenter\SoftwareCenter.csproj", "{F816903F-ED6F-4D21-997D-AA6339578683}"
EndProject
Project("{FAE04EC0-301F-11D3-BF4B-00C04F79EFBC}") = "IssuePortal", "IssuePortal\IssuePortal.csproj", "{28BB5448-73F6-4B79-BE0A-F35E40C4D286}"
EndProject
Global
	GlobalSection(SolutionConfigurationPlatforms) = preSolution
		Debug|Any CPU = Debug|Any CPU
		Release|Any CPU = Release|Any CPU
	EndGlobalSection
	GlobalSection(ProjectConfigurationPlatforms) = postSolution
		{F816903F-ED6F-4D21-997D-AA6339578683}.Debug|Any CPU.ActiveCfg = Debug|Any CPU
		{F816903F-ED6F-4D21-997D-AA6339578683}.Debug|Any CPU.Build.0 = Debug|Any CPU
		{F816903F-ED6F-4D21-997D-AA6339578683}.Release|Any CPU.ActiveCfg = Release|Any CPU
		{F816903F-ED6F-4D21-997D-AA6339578683}.Release|Any CPU.Build.0 = Release|Any CPU
		{28BB5448-73F6-4B79-BE0A-F35E40C4D286}.Debug|Any CPU.ActiveCfg = Debug|Any CPU
		{28BB5448-73F6-4B79-BE0A-F35E40C4D286}.Debug|Any CPU.Build.0 = Debug|Any CPU
		{28BB5448-73F6-4B79-BE0A-F35E40C4D286}.Release|Any CPU.ActiveCfg = Release|Any CPU
		{28BB5448-73F6-4B79-BE0A-F35E40C4D286}.Release|Any CPU.Build.0 = Release|Any CPU
	EndGlobalSection
EndGlobal
