
Microsoft Visual Studio Solution File, Format Version 12.00
# Visual Studio Version 17
VisualStudioVersion = 17.7.34024.191
MinimumVisualStudioVersion = 10.0.40219.1
Project("{9A19103F-16F7-4668-BE54-9A1E7A4F7556}") = "SoftwareCenter", "SoftwareCenter\SoftwareCenter.csproj", "{F816903F-ED6F-4D21-997D-AA6339578683}"
EndProject
Project("{9A19103F-16F7-4668-BE54-9A1E7A4F7556}") = "IssuePortal", "IssuePortal\IssuePortal.csproj", "{28BB5448-73F6-4B79-BE0A-F35E40C4D286}"
EndProject
Global
	GlobalSection(SolutionConfigurationPlatforms) = preSolution
		Debug|Any CPU = Debug|Any CPU
		Release|Any CPU = Release|Any CPU
	EndGlobalSection
	GlobalSection(ProjectConfigurationPlatforms) = postSolution
		{F816903F-ED6F-4D21-997D-AA6339578683}.Debug|Any CPU.ActiveCfg = Debug|Any CPU
		{F816903F-ED6F-4D21-997D-AA6339578683}.Debug|Any CPU.Build.0 = Debug|Any CPU
		{F816903F-ED6F-4D21-997D-AA6339578683}.Release|Any CPU.ActiveCfg = Release|Any CPU
		{F816903F-ED6F-4D21-997D-AA6339578683}.Release|Any CPU.Build.0 = Release|Any CPU
		{28BB5448-73F6-4B79-BE0A-F35E40C4D286}.Debug|Any CPU.ActiveCfg = Debug|Any CPU
		{28BB5448-73F6-4B79-BE0A-F35E40C4D286}.Debug|Any CPU.Build.0 = Debug|Any CPU
		{28BB5448-73F6-4B79-BE0A-F35E40C4D286}.Release|Any CPU.ActiveCfg = Release|Any CPU
		{28BB5448-73F6-4B79-BE0A-F35E40C4D286}.Release|Any CPU.Build.0 = Release|Any CPU
	EndGlobalSection
	GlobalSection(SolutionProperties) = preSolution
		HideSolutionNode = FALSE
	EndGlobalSection
	GlobalSection(ExtensibilityGlobals) = postSolution
		SolutionGuid = {823EAA4A-3C1F-4A06-A29F-A6DE823F533F}
	EndGlobalSection
EndGlobal
