
Microsoft Visual Studio Solution File, Format Version 12.00
# Visual Studio Version 17
VisualStudioVersion = 17.7.34024.191
MinimumVisualStudioVersion = 10.0.40219.1
Project("{FAE04EC0-301F-11D3-BF4B-00C04F79EFBC}") = "Mapperly", "Mapperly\Mapperly.csproj", "{9B50B024-EB6B-47BA-9E97-EC77183C1F31}"
EndProject
Global
	GlobalSection(SolutionConfigurationPlatforms) = preSolution
		Debug|Any CPU = Debug|Any CPU
		Release|Any CPU = Release|Any CPU
	EndGlobalSection
	GlobalSection(ProjectConfigurationPlatforms) = postSolution
		{9B50B024-EB6B-47BA-9E97-EC77183C1F31}.Debug|Any CPU.ActiveCfg = Debug|Any CPU
		{9B50B024-EB6B-47BA-9E97-EC77183C1F31}.Debug|Any CPU.Build.0 = Debug|Any CPU
		{9B50B024-EB6B-47BA-9E97-EC77183C1F31}.Release|Any CPU.ActiveCfg = Release|Any CPU
		{9B50B024-EB6B-47BA-9E97-EC77183C1F31}.Release|Any CPU.Build.0 = Release|Any CPU
	EndGlobalSection
	GlobalSection(SolutionProperties) = preSolution
		HideSolutionNode = FALSE
	EndGlobalSection
	GlobalSection(ExtensibilityGlobals) = postSolution
		SolutionGuid = {C982AA45-C52F-4232-A691-ABCE3049D510}
	EndGlobalSection
EndGlobal
