
Microsoft Visual Studio Solution File, Format Version 12.00
# Visual Studio Version 17
VisualStudioVersion = 17.7.34024.191
MinimumVisualStudioVersion = 10.0.40219.1
Project("{FAE04EC0-301F-11D3-BF4B-00C04F79EFBC}") = "BugTrackerApi", "BugTrackerApi\BugTrackerApi.csproj", "{AA35B2F1-C4FC-4F86-93B2-ACB031353717}"
EndProject
Project("{FAE04EC0-301F-11D3-BF4B-00C04F79EFBC}") = "BugTrackerApi.ContractTests", "BugTrackerApi.ContractTests\BugTrackerApi.ContractTests.csproj", "{86AC2DA7-AA59-44E9-A13E-077CBAA3FD75}"
EndProject
Project("{FAE04EC0-301F-11D3-BF4B-00C04F79EFBC}") = "BugTrackerApi.UnitTests", "BugTrackerApi.UnitTests\BugTrackerApi.UnitTests.csproj", "{80EAF2D4-FC88-43E3-BB15-80DF3C788DB3}"
EndProject
Global
	GlobalSection(SolutionConfigurationPlatforms) = preSolution
		Debug|Any CPU = Debug|Any CPU
		Release|Any CPU = Release|Any CPU
	EndGlobalSection
	GlobalSection(ProjectConfigurationPlatforms) = postSolution
		{AA35B2F1-C4FC-4F86-93B2-ACB031353717}.Debug|Any CPU.ActiveCfg = Debug|Any CPU
		{AA35B2F1-C4FC-4F86-93B2-ACB031353717}.Debug|Any CPU.Build.0 = Debug|Any CPU
		{AA35B2F1-C4FC-4F86-93B2-ACB031353717}.Release|Any CPU.ActiveCfg = Release|Any CPU
		{AA35B2F1-C4FC-4F86-93B2-ACB031353717}.Release|Any CPU.Build.0 = Release|Any CPU
		{86AC2DA7-AA59-44E9-A13E-077CBAA3FD75}.Debug|Any CPU.ActiveCfg = Debug|Any CPU
		{86AC2DA7-AA59-44E9-A13E-077CBAA3FD75}.Debug|Any CPU.Build.0 = Debug|Any CPU
		{86AC2DA7-AA59-44E9-A13E-077CBAA3FD75}.Release|Any CPU.ActiveCfg = Release|Any CPU
		{86AC2DA7-AA59-44E9-A13E-077CBAA3FD75}.Release|Any CPU.Build.0 = Release|Any CPU
		{80EAF2D4-FC88-43E3-BB15-80DF3C788DB3}.Debug|Any CPU.ActiveCfg = Debug|Any CPU
		{80EAF2D4-FC88-43E3-BB15-80DF3C788DB3}.Debug|Any CPU.Build.0 = Debug|Any CPU
		{80EAF2D4-FC88-43E3-BB15-80DF3C788DB3}.Release|Any CPU.ActiveCfg = Release|Any CPU
		{80EAF2D4-FC88-43E3-BB15-80DF3C788DB3}.Release|Any CPU.Build.0 = Release|Any CPU
	EndGlobalSection
	GlobalSection(SolutionProperties) = preSolution
		HideSolutionNode = FALSE
	EndGlobalSection
	GlobalSection(ExtensibilityGlobals) = postSolution
		SolutionGuid = {BF2D25CA-9A33-45DC-89F7-C201DB42540D}
	EndGlobalSection
EndGlobal
